
Microsoft Visual Studio Solution File, Format Version 12.00
# Visual Studio Version 17
VisualStudioVersion = 17.3.32929.385
MinimumVisualStudioVersion = 10.0.40219.1
Project("{FAE04EC0-301F-11D3-BF4B-00C04F79EFBC}") = "DZ_9_1", "DZ_9_1\DZ_9_1.csproj", "{C3A57201-E7D2-481E-9F4F-3CF1BF87E216}"
EndProject
Global
	GlobalSection(SolutionConfigurationPlatforms) = preSolution
		Debug|Any CPU = Debug|Any CPU
		Release|Any CPU = Release|Any CPU
	EndGlobalSection
	GlobalSection(ProjectConfigurationPlatforms) = postSolution
		{C3A57201-E7D2-481E-9F4F-3CF1BF87E216}.Debug|Any CPU.ActiveCfg = Debug|Any CPU
		{C3A57201-E7D2-481E-9F4F-3CF1BF87E216}.Debug|Any CPU.Build.0 = Debug|Any CPU
		{C3A57201-E7D2-481E-9F4F-3CF1BF87E216}.Release|Any CPU.ActiveCfg = Release|Any CPU
		{C3A57201-E7D2-481E-9F4F-3CF1BF87E216}.Release|Any CPU.Build.0 = Release|Any CPU
	EndGlobalSection
	GlobalSection(SolutionProperties) = preSolution
		HideSolutionNode = FALSE
	EndGlobalSection
	GlobalSection(ExtensibilityGlobals) = postSolution
		SolutionGuid = {C5FC5D5D-9D8A-42EE-BDE1-8E38804FC4DE}
	EndGlobalSection
EndGlobal
